PODS:
  - SDWebImage (5.12.3):
    - SDWebImage/Core (= 5.12.3)
  - SDWebImage/Core (5.12.3)
  - SwiftGen (6.5.1)
  - SwiftLint (0.46.5)

DEPENDENCIES:
  - SDWebImage (~> 5.0)
  - SwiftGen (~> 6.0)
  - SwiftLint

SPEC REPOS:
  trunk:
    - SDWebImage
    - SwiftGen
    - SwiftLint

SPEC CHECKSUMS:
  SDWebImage: 53179a2dba77246efa8a9b85f5c5b21f8f43e38f
  SwiftGen: a6d22010845f08fe18fbdf3a07a8e380fd22e0ea
  SwiftLint: 2c16e8fa99dac2e440dc0c70ea74d2532048f6cf

PODFILE CHECKSUM: df91a6ec427aa20051f6304bcc45175f0f655536

COCOAPODS: 1.10.2
